
Microsoft Visual Studio Solution File, Format Version 11.00
# Visual Studio 2010
Project("{FAE04EC0-301F-11D3-BF4B-00C04F79EFBC}") = "Compilador", "Compilador\Compilador.csproj", "{F02DC40E-5AFC-43A0-9869-B0AEDE0B90EB}"
EndProject
Project("{FAE04EC0-301F-11D3-BF4B-00C04F79EFBC}") = "ITCide", "ITCide\ITCide.csproj", "{1EA42E67-AA26-4499-B693-C73302D0CB5D}"
EndProject
Project("{FAE04EC0-301F-11D3-BF4B-00C04F79EFBC}") = "CodeBoxControl", "CodeBoxControl\CodeBoxControl.csproj", "{FAFC1291-82F4-4A3A-B70F-111DBF2EC194}"
EndProject
Global
	GlobalSection(SubversionScc) = preSolution
		Svn-Managed = True
		Manager = AnkhSVN - Subversion Support for Visual Studio
	EndGlobalSection
	GlobalSection(SolutionConfigurationPlatforms) = preSolution
		Debug|Any CPU = Debug|Any CPU
		Debug|Mixed Platforms = Debug|Mixed Platforms
		Debug|x86 = Debug|x86
		Release|Any CPU = Release|Any CPU
		Release|Mixed Platforms = Release|Mixed Platforms
		Release|x86 = Release|x86
	EndGlobalSection
	GlobalSection(ProjectConfigurationPlatforms) = postSolution
		{F02DC40E-5AFC-43A0-9869-B0AEDE0B90EB}.Debug|Any CPU.ActiveCfg = Debug|x86
		{F02DC40E-5AFC-43A0-9869-B0AEDE0B90EB}.Debug|Mixed Platforms.ActiveCfg = Debug|x86
		{F02DC40E-5AFC-43A0-9869-B0AEDE0B90EB}.Debug|Mixed Platforms.Build.0 = Debug|x86
		{F02DC40E-5AFC-43A0-9869-B0AEDE0B90EB}.Debug|x86.ActiveCfg = Debug|x86
		{F02DC40E-5AFC-43A0-9869-B0AEDE0B90EB}.Debug|x86.Build.0 = Debug|x86
		{F02DC40E-5AFC-43A0-9869-B0AEDE0B90EB}.Release|Any CPU.ActiveCfg = Release|x86
		{F02DC40E-5AFC-43A0-9869-B0AEDE0B90EB}.Release|Mixed Platforms.ActiveCfg = Release|x86
		{F02DC40E-5AFC-43A0-9869-B0AEDE0B90EB}.Release|Mixed Platforms.Build.0 = Release|x86
		{F02DC40E-5AFC-43A0-9869-B0AEDE0B90EB}.Release|x86.ActiveCfg = Release|x86
		{F02DC40E-5AFC-43A0-9869-B0AEDE0B90EB}.Release|x86.Build.0 = Release|x86
		{1EA42E67-AA26-4499-B693-C73302D0CB5D}.Debug|Any CPU.ActiveCfg = Debug|x86
		{1EA42E67-AA26-4499-B693-C73302D0CB5D}.Debug|Mixed Platforms.ActiveCfg = Debug|x86
		{1EA42E67-AA26-4499-B693-C73302D0CB5D}.Debug|Mixed Platforms.Build.0 = Debug|x86
		{1EA42E67-AA26-4499-B693-C73302D0CB5D}.Debug|x86.ActiveCfg = Debug|x86
		{1EA42E67-AA26-4499-B693-C73302D0CB5D}.Debug|x86.Build.0 = Debug|x86
		{1EA42E67-AA26-4499-B693-C73302D0CB5D}.Release|Any CPU.ActiveCfg = Release|x86
		{1EA42E67-AA26-4499-B693-C73302D0CB5D}.Release|Mixed Platforms.ActiveCfg = Release|x86
		{1EA42E67-AA26-4499-B693-C73302D0CB5D}.Release|Mixed Platforms.Build.0 = Release|x86
		{1EA42E67-AA26-4499-B693-C73302D0CB5D}.Release|x86.ActiveCfg = Release|x86
		{1EA42E67-AA26-4499-B693-C73302D0CB5D}.Release|x86.Build.0 = Release|x86
		{FAFC1291-82F4-4A3A-B70F-111DBF2EC194}.Debug|Any CPU.ActiveCfg = Debug|Any CPU
		{FAFC1291-82F4-4A3A-B70F-111DBF2EC194}.Debug|Any CPU.Build.0 = Debug|Any CPU
		{FAFC1291-82F4-4A3A-B70F-111DBF2EC194}.Debug|Mixed Platforms.ActiveCfg = Debug|Any CPU
		{FAFC1291-82F4-4A3A-B70F-111DBF2EC194}.Debug|Mixed Platforms.Build.0 = Debug|Any CPU
		{FAFC1291-82F4-4A3A-B70F-111DBF2EC194}.Debug|x86.ActiveCfg = Debug|Any CPU
		{FAFC1291-82F4-4A3A-B70F-111DBF2EC194}.Release|Any CPU.ActiveCfg = Release|Any CPU
		{FAFC1291-82F4-4A3A-B70F-111DBF2EC194}.Release|Any CPU.Build.0 = Release|Any CPU
		{FAFC1291-82F4-4A3A-B70F-111DBF2EC194}.Release|Mixed Platforms.ActiveCfg = Release|Any CPU
		{FAFC1291-82F4-4A3A-B70F-111DBF2EC194}.Release|Mixed Platforms.Build.0 = Release|Any CPU
		{FAFC1291-82F4-4A3A-B70F-111DBF2EC194}.Release|x86.ActiveCfg = Release|Any CPU
	EndGlobalSection
	GlobalSection(SolutionProperties) = preSolution
		HideSolutionNode = FALSE
	EndGlobalSection
EndGlobal
